{
  "requires": true,
  "lockfileVersion": 1,
  "dependencies": {
    "now": {
      "version": "15.0.11-canary.3",
      "resolved": "https://registry.npmjs.org/now/-/now-15.0.11-canary.3.tgz",
      "integrity": "sha512-VAdRRvIyRp7Afp8OWmLHT8f6YTLH1+mleNSz6Im3iRSCkuQCAUOUyNh+/gAaJ/JibIgCqHZs8OuiSyMP0EAugg=="
    }
  }
}
